
Microsoft Visual Studio Solution File, Format Version 12.00
# Visual Studio Version 17
VisualStudioVersion = 17.7.34018.315
MinimumVisualStudioVersion = 10.0.40219.1
Project("{9A19103F-16F7-4668-BE54-9A1E7A4F7556}") = "Application", "Learn\Application.csproj", "{3F2FC715-E834-47DB-A573-1420D22F7F8A}"
EndProject
Project("{2150E333-8FDC-42A3-9474-1A3956D46DE8}") = "src", "src", "{93F37A4F-DDE3-402C-8EC2-AB2E5102CCEC}"
EndProject
Project("{FAE04EC0-301F-11D3-BF4B-00C04F79EFBC}") = "Application.UI", "Application.UI\Application.UI.csproj", "{524227E8-9741-4E33-A4E0-0244F8E57BC0}"
EndProject
Project("{FAE04EC0-301F-11D3-BF4B-00C04F79EFBC}") = "Application.Common", "Application.Common\Application.Common.csproj", "{33F61B79-E78A-4E21-8915-88995CB89415}"
EndProject
Global
	GlobalSection(SolutionConfigurationPlatforms) = preSolution
		Debug|Any CPU = Debug|Any CPU
		Release|Any CPU = Release|Any CPU
	EndGlobalSection
	GlobalSection(ProjectConfigurationPlatforms) = postSolution
		{3F2FC715-E834-47DB-A573-1420D22F7F8A}.Debug|Any CPU.ActiveCfg = Debug|Any CPU
		{3F2FC715-E834-47DB-A573-1420D22F7F8A}.Debug|Any CPU.Build.0 = Debug|Any CPU
		{3F2FC715-E834-47DB-A573-1420D22F7F8A}.Release|Any CPU.ActiveCfg = Release|Any CPU
		{3F2FC715-E834-47DB-A573-1420D22F7F8A}.Release|Any CPU.Build.0 = Release|Any CPU
		{524227E8-9741-4E33-A4E0-0244F8E57BC0}.Debug|Any CPU.ActiveCfg = Debug|Any CPU
		{524227E8-9741-4E33-A4E0-0244F8E57BC0}.Debug|Any CPU.Build.0 = Debug|Any CPU
		{524227E8-9741-4E33-A4E0-0244F8E57BC0}.Release|Any CPU.ActiveCfg = Release|Any CPU
		{524227E8-9741-4E33-A4E0-0244F8E57BC0}.Release|Any CPU.Build.0 = Release|Any CPU
		{33F61B79-E78A-4E21-8915-88995CB89415}.Debug|Any CPU.ActiveCfg = Debug|Any CPU
		{33F61B79-E78A-4E21-8915-88995CB89415}.Debug|Any CPU.Build.0 = Debug|Any CPU
		{33F61B79-E78A-4E21-8915-88995CB89415}.Release|Any CPU.ActiveCfg = Release|Any CPU
		{33F61B79-E78A-4E21-8915-88995CB89415}.Release|Any CPU.Build.0 = Release|Any CPU
	EndGlobalSection
	GlobalSection(SolutionProperties) = preSolution
		HideSolutionNode = FALSE
	EndGlobalSection
	GlobalSection(NestedProjects) = preSolution
		{3F2FC715-E834-47DB-A573-1420D22F7F8A} = {93F37A4F-DDE3-402C-8EC2-AB2E5102CCEC}
		{524227E8-9741-4E33-A4E0-0244F8E57BC0} = {93F37A4F-DDE3-402C-8EC2-AB2E5102CCEC}
		{33F61B79-E78A-4E21-8915-88995CB89415} = {93F37A4F-DDE3-402C-8EC2-AB2E5102CCEC}
	EndGlobalSection
	GlobalSection(ExtensibilityGlobals) = postSolution
		SolutionGuid = {45CB6DBA-C7D1-4EB6-99A2-B96EA48F842B}
	EndGlobalSection
EndGlobal
